
Microsoft Visual Studio Solution File, Format Version 12.00
# Visual Studio Version 16
VisualStudioVersion = 16.0.31005.135
MinimumVisualStudioVersion = 10.0.40219.1
Project("{FAE04EC0-301F-11D3-BF4B-00C04F79EFBC}") = "WebAPI", "WebAPI\WebAPI.csproj", "{561609D4-4759-4342-A753-7BB39E5CBF37}"
EndProject
Global
	GlobalSection(SolutionConfigurationPlatforms) = preSolution
		Debug|Any CPU = Debug|Any CPU
		Release|Any CPU = Release|Any CPU
	EndGlobalSection
	GlobalSection(ProjectConfigurationPlatforms) = postSolution
		{561609D4-4759-4342-A753-7BB39E5CBF37}.Debug|Any CPU.ActiveCfg = Debug|Any CPU
		{561609D4-4759-4342-A753-7BB39E5CBF37}.Debug|Any CPU.Build.0 = Debug|Any CPU
		{561609D4-4759-4342-A753-7BB39E5CBF37}.Release|Any CPU.ActiveCfg = Release|Any CPU
		{561609D4-4759-4342-A753-7BB39E5CBF37}.Release|Any CPU.Build.0 = Release|Any CPU
	EndGlobalSection
	GlobalSection(SolutionProperties) = preSolution
		HideSolutionNode = FALSE
	EndGlobalSection
	GlobalSection(ExtensibilityGlobals) = postSolution
		SolutionGuid = {1A9450CE-D0E4-419D-BC31-7DE5E69E6687}
	EndGlobalSection
EndGlobal
